
Microsoft Visual Studio Solution File, Format Version 12.00
# Visual Studio Version 17
VisualStudioVersion = 17.7.34202.233
MinimumVisualStudioVersion = 10.0.40219.1
Project("{F184B08F-C81C-45F6-A57F-5ABD9991F28F}") = "Hermano-Pizzeria-POS", "Hermano-Pizzeria-POS\Hermano-Pizzeria-POS.vbproj", "{60CC2197-952B-445E-A35B-714C9ED59291}"
EndProject
Global
	GlobalSection(SolutionConfigurationPlatforms) = preSolution
		Debug|Any CPU = Debug|Any CPU
		Release|Any CPU = Release|Any CPU
	EndGlobalSection
	GlobalSection(ProjectConfigurationPlatforms) = postSolution
		{60CC2197-952B-445E-A35B-714C9ED59291}.Debug|Any CPU.ActiveCfg = Debug|Any CPU
		{60CC2197-952B-445E-A35B-714C9ED59291}.Debug|Any CPU.Build.0 = Debug|Any CPU
		{60CC2197-952B-445E-A35B-714C9ED59291}.Release|Any CPU.ActiveCfg = Release|Any CPU
		{60CC2197-952B-445E-A35B-714C9ED59291}.Release|Any CPU.Build.0 = Release|Any CPU
	EndGlobalSection
	GlobalSection(SolutionProperties) = preSolution
		HideSolutionNode = FALSE
	EndGlobalSection
	GlobalSection(ExtensibilityGlobals) = postSolution
		SolutionGuid = {3BDF2DED-BFC6-46A7-9A06-51D554364FF9}
	EndGlobalSection
EndGlobal
